
Microsoft Visual Studio Solution File, Format Version 12.00
# Visual Studio Version 16
VisualStudioVersion = 16.0.32929.386
MinimumVisualStudioVersion = 10.0.40219.1
Project("{FAE04EC0-301F-11D3-BF4B-00C04F79EFBC}") = "assi-1.3", "assi-1.3\assi-1.3.csproj", "{7DAAE731-69EE-42AC-8329-3485EBAB2FEE}"
EndProject
Global
	GlobalSection(SolutionConfigurationPlatforms) = preSolution
		Debug|Any CPU = Debug|Any CPU
		Release|Any CPU = Release|Any CPU
	EndGlobalSection
	GlobalSection(ProjectConfigurationPlatforms) = postSolution
		{7DAAE731-69EE-42AC-8329-3485EBAB2FEE}.Debug|Any CPU.ActiveCfg = Debug|Any CPU
		{7DAAE731-69EE-42AC-8329-3485EBAB2FEE}.Debug|Any CPU.Build.0 = Debug|Any CPU
		{7DAAE731-69EE-42AC-8329-3485EBAB2FEE}.Release|Any CPU.ActiveCfg = Release|Any CPU
		{7DAAE731-69EE-42AC-8329-3485EBAB2FEE}.Release|Any CPU.Build.0 = Release|Any CPU
	EndGlobalSection
	GlobalSection(SolutionProperties) = preSolution
		HideSolutionNode = FALSE
	EndGlobalSection
	GlobalSection(ExtensibilityGlobals) = postSolution
		SolutionGuid = {9E1B3715-38C3-40A0-9934-8060F84116BC}
	EndGlobalSection
EndGlobal
